github.com/aws/aws-sdk-go-v2 v1.32.3 h1:T0dRlFBKcdaUPGNtkBSwHZxrtis8CQU17UpNBZYd0wk=
github.com/aws/aws-sdk-go-v2 v1.32.3/go.mod h1:2SK5n0a2karNTv5tbP1SjsX0uhttou00v/HpXKM1ZUo=
github.com/aws/aws-sdk-go-v2/config v1.27.27 h1:HdqgGt1OAP0HkEDDShEl0oSYa9ZZBSOmKpdpsDMdO90=
github.com/aws/aws-sdk-go-v2/config v1.27.27/go.mod h1:MVYamCg76dFNINkZFu4n4RjDixhVr51HLj4ErWzrVwg=
github.com/aws/aws-sdk-go-v2/credentials v1.17.27 h1:2raNba6gr2IfA0eqqiP2XiQ0UVOpGPgDSi0I9iAP+UI=
github.com/aws/aws-sdk-go-v2/credentials v1.17.27/go.mod h1:gniiwbGahQByxan6YjQUMcW4Aov6bLC3m+evgcoN4r4=
github.com/aws/aws-sdk-go-v2/feature/ec2/imds v1.16.11 h1:KreluoV8FZDEtI6Co2xuNk/UqI9iwMrOx/87PBNIKqw=
github.com/aws/aws-sdk-go-v2/feature/ec2/imds v1.16.11/go.mod h1:SeSUYBLsMYFoRvHE0Tjvn7kbxaUhl75CJi1sbfhMxkU=
github.com/aws/aws-sdk-go-v2/internal/configsources v1.3.22 h1:Jw50LwEkVjuVzE1NzkhNKkBf9cRN7MtE1F/b2cOKTUM=
github.com/aws/aws-sdk-go-v2/internal/configsources v1.3.22/go.mod h1:Y/SmAyPcOTmpeVaWSzSKiILfXTVJwrGmYZhcRbhWuEY=
github.com/aws/aws-sdk-go-v2/internal/endpoints/v2 v2.6.22 h1:981MHwBaRZM7+9QSR6XamDzF/o7ouUGxFzr+nVSIhrs=
github.com/aws/aws-sdk-go-v2/internal/endpoints/v2 v2.6.22/go.mod h1:1RA1+aBEfn+CAB/Mh0MB6LsdCYCnjZm7tKXtnk499ZQ=
github.com/aws/aws-sdk-go-v2/internal/ini v1.8.0 h1:hT8rVHwugYE2lEfdFE0QWVo81lF7jMrYJVDWI+f+VxU=
github.com/aws/aws-sdk-go-v2/internal/ini v1.8.0/go.mod h1:8tu/lYfQfFe6IGnaOdrpVgEL2IrrDOf6/m9RQum4NkY=
github.com/aws/aws-sdk-go-v2/service/internal/accept-encoding v1.11.3 h1:dT3MqvGhSoaIhRseqw2I0yH81l7wiR2vjs57O51EAm8=
github.com/aws/aws-sdk-go-v2/service/internal/accept-encoding v1.11.3/go.mod h1:GlAeCkHwugxdHaueRr4nhPuY+WW+gR8UjlcqzPr1SPI=
github.com/aws/aws-sdk-go-v2/service/internal/presigned-url v1.11.17 h1:HGErhhrxZlQ044RiM+WdoZxp0p+EGM62y3L6pwA4olE=
github.com/aws/aws-sdk-go-v2/service/internal/presigned-url v1.11.17/go.mod h1:RkZEx4l0EHYDJpWppMJ3nD9wZJAa8/0lq9aVC+r2UII=
github.com/aws/aws-sdk-go-v2/service/pricing v1.32.3 h1:cWPelbIAmixWwejoth18he/QDmzr9/dEMVv1RQUm4fA=
github.com/aws/aws-sdk-go-v2/service/pricing v1.32.3/go.mod h1:o13APBCk3NDkm7+KDt/+3rfN58Ond+l4rhmbeIhGTaA=
github.com/aws/aws-sdk-go-v2/service/sso v1.22.4 h1:BXx0ZIxvrJdSgSvKTZ+yRBeSqqgPM89VPlulEcl37tM=
github.com/aws/aws-sdk-go-v2/service/sso v1.22.4/go.mod h1:ooyCOXjvJEsUw7x+ZDHeISPMhtwI3ZCB7ggFMcFfWLU=
github.com/aws/aws-sdk-go-v2/service/ssooidc v1.26.4 h1:yiwVzJW2ZxZTurVbYWA7QOrAaCYQR72t0wrSBfoesUE=
github.com/aws/aws-sdk-go-v2/service/ssooidc v1.26.4/go.mod h1:0oxfLkpz3rQ/CHlx5hB7H69YUpFiI1tql6Q6Ne+1bCw=
github.com/aws/aws-sdk-go-v2/service/sts v1.30.3 h1:ZsDKRLXGWHk8WdtyYMoGNO7bTudrvuKpDKgMVRlepGE=
github.com/aws/aws-sdk-go-v2/service/sts v1.30.3/go.mod h1:zwySh8fpFyXp9yOr/KVzxOl8SRqgf/IDw5aUt9UKFcQ=
github.com/aws/smithy-go v1.22.0 h1:uunKnWlcoL3zO7q+gG2Pk53joueEOsnNB28QdMsmiMM=
github.com/aws/smithy-go v1.22.0/go.mod h1:irrKGvNn1InZwb2d7fkIRNucdfwR8R+Ts3wxYa/cJHg=
github.com/cpuguy83/go-md2man/v2 v2.0.4 h1:wfIWP927BUkWJb2NmU/kNDYIBTh/ziUX91+lVfRxZq4=
github.com/cpuguy83/go-md2man/v2 v2.0.4/go.mod h1:tgQtvFlXSQOSOSIRvRPT7W67SCa46tRHOmNcaadrF8o=
github.com/russross/blackfriday/v2 v2.1.0 h1:JIOH55/0cWyOuilr9/qlrm0BSXldqnqwMsf35Ld67mk=
github.com/russross/blackfriday/v2 v2.1.0/go.mod h1:+Rmxgy9KzJVeS9/2gXHxylqXiyQDYRxCVz55jmeOWTM=
github.com/santhosh-tekuri/jsonschema/v5 v5.3.1 h1:lZUw3E0/J3roVtGQ+SCrUrg3ON6NgVqpn3+iol9aGu4=
github.com/santhosh-tekuri/jsonschema/v5 v5.3.1/go.mod h1:uToXkOrWAZ6/Oc07xWQrPOhJotwFIyu2bBVN41fcDUY=
github.com/urfave/cli/v2 v2.27.4 h1:o1owoI+02Eb+K107p27wEX9Bb8eqIoZCfLXloLUSWJ8=
github.com/urfave/cli/v2 v2.27.4/go.mod h1:m4QzxcD2qpra4z7WhzEGn74WZLViBnMpb1ToCAKdGRQ=
github.com/xrash/smetrics v0.0.0-20240521201337-686a1a2994c1 h1:gEOO8jv9F4OT7lGCjxCBTO/36wtF6j2nSip77qHd4x4=
github.com/xrash/smetrics v0.0.0-20240521201337-686a1a2994c1/go.mod h1:Ohn+xnUBiLI6FVj/9LpzZWtj1/D6lUovWYBkxHVV3aM=
golang.org/x/sync v0.8.0 h1:3NFvSEYkUoMifnESzZl15y791HH1qU2xm6eCJU5ZPXQ=
golang.org/x/sync v0.8.0/go.mod h1:Czt+wKu1gCyEFDUtn0jG5QVvpJ6rzVqr5aXyt9drQfk=
gopkg.in/check.v1 v0.0.0-20161208181325-20d25e280405 h1:yhCVgyC4o1eVCa2tZl7eS0r+SDo693bJlVdllGtEeKM=
gopkg.in/check.v1 v0.0.0-20161208181325-20d25e280405/go.mod h1:Co6ibVJAznAaIkqp8huTwlJQCZ016jof/cbN4VW5Yz0=
gopkg.in/yaml.v3 v3.0.1 h1:fxVm/GzAzEWqLHuvctI91KS9hhNmmWOoWu0XTYJS7CA=
gopkg.in/yaml.v3 v3.0.1/go.mod h1:K4uyk7z7BCEPqu6E+C64Yfv1cQ7kz7rIZviUmN+EgEM=
pgregory.net/rapid v1.1.0 h1:CMa0sjHSru3puNx+J0MIAuiiEV4N0qj8/cMWGBBCsjw=
pgregory.net/rapid v1.1.0/go.mod h1:PY5XlDGj0+V1FCq0o192FdRhpKHGTRIWBgqjDBTrq04=
